<?xml version="1.0" encoding="utf-8"?>
<Project ToolsVersion="4.0" xmlns="http://schemas.microsoft.com/developer/msbuild/2003">
  <ItemGroup>
    <Filter Include="소스 파일">
      <UniqueIdentifier>{4FC737F1-C7A5-4376-A066-2A32D752A2FF}</UniqueIdentifier>
      <Extensions>cpp;c;cc;cxx;def;odl;idl;hpj;bat;asm;asmx</Extensions>
    </Filter>
    <Filter Include="헤더 파일">
      <UniqueIdentifier>{93995380-89BD-4b04-88EB-625FBE52EBFB}</UniqueIdentifier>
      <Extensions>h;hpp;hxx;hm;inl;inc;xsd</Extensions>
    </Filter>
    <Filter Include="리소스 파일">
      <UniqueIdentifier>{67DA6AB6-F800-4c08-8B7A-83BB121AAD01}</UniqueIdentifier>
      <Extensions>rc;ico;cur;bmp;dlg;rc2;rct;bin;rgs;gif;jpg;jpeg;jpe;resx;tiff;tif;png;wav;mfcribbon-ms</Extensions>
    </Filter>
  </ItemGroup>
  <ItemGroup>
    <None Include="HsWing.ino" />
    <None Include="ClassDiagram1.cd" />
  </ItemGroup>
  <ItemGroup>
    <ClInclude Include="Visual Micro\.HsWing.vsarduino.h">
      <Filter>헤더 파일</Filter>
    </ClInclude>
    <ClInclude Include="HsFlightController.h">
      <Filter>헤더 파일</Filter>
    </ClInclude>
    <ClInclude Include="HsFilter.h">
      <Filter>헤더 파일</Filter>
    </ClInclude>
    <ClInclude Include="HsCommunicator.h">
      <Filter>헤더 파일</Filter>
    </ClInclude>
    <ClInclude Include="I2Cdev.h">
      <Filter>헤더 파일</Filter>
    </ClInclude>
    <ClInclude Include="MPU6050.h">
      <Filter>헤더 파일</Filter>
    </ClInclude>
    <ClInclude Include="BMA150.h">
      <Filter>헤더 파일</Filter>
    </ClInclude>
    <ClInclude Include="srf08.h">
      <Filter>헤더 파일</Filter>
    </ClInclude>
    <ClInclude Include="WingConfig.h">
      <Filter>헤더 파일</Filter>
    </ClInclude>
  </ItemGroup>
  <ItemGroup>
    <ClCompile Include="HsFlightController.cpp">
      <Filter>소스 파일</Filter>
    </ClCompile>
    <ClCompile Include="HsFilter.cpp">
      <Filter>소스 파일</Filter>
    </ClCompile>
    <ClCompile Include="HsCommunicator.cpp">
      <Filter>소스 파일</Filter>
    </ClCompile>
    <ClCompile Include="I2Cdev.cpp">
      <Filter>소스 파일</Filter>
    </ClCompile>
    <ClCompile Include="MPU6050.cpp">
      <Filter>소스 파일</Filter>
    </ClCompile>
    <ClCompile Include="BMA150.cpp">
      <Filter>소스 파일</Filter>
    </ClCompile>
    <ClCompile Include="srf08.cpp">
      <Filter>소스 파일</Filter>
    </ClCompile>
  </ItemGroup>
</Project>