
Microsoft Visual Studio Solution File, Format Version 12.00
# Visual Studio 2012
Project("{8BC9CEB8-8B4A-11D0-8D11-00A0C91BC942}") = "HsWing", "HsWing.vcxproj", "{B01B8240-44F4-4943-9F34-8BDC31E96616}"
EndProject
Project("{8BC9CEB8-8B4A-11D0-8D11-00A0C91BC942}") = "HsWing_Due", "..\HsWing_Due\HsWing_Due.vcxproj", "{B1EC926D-A0C9-4B7F-89BC-C56A273A2B0F}"
EndProject
Global
	GlobalSection(SolutionConfigurationPlatforms) = preSolution
		Debug|Win32 = Debug|Win32
		Release|Win32 = Release|Win32
	EndGlobalSection
	GlobalSection(ProjectConfigurationPlatforms) = postSolution
		{B01B8240-44F4-4943-9F34-8BDC31E96616}.Debug|Win32.ActiveCfg = Debug|Win32
		{B01B8240-44F4-4943-9F34-8BDC31E96616}.Debug|Win32.Build.0 = Debug|Win32
		{B01B8240-44F4-4943-9F34-8BDC31E96616}.Release|Win32.ActiveCfg = Release|Win32
		{B01B8240-44F4-4943-9F34-8BDC31E96616}.Release|Win32.Build.0 = Release|Win32
		{B1EC926D-A0C9-4B7F-89BC-C56A273A2B0F}.Debug|Win32.ActiveCfg = Debug|Win32
		{B1EC926D-A0C9-4B7F-89BC-C56A273A2B0F}.Debug|Win32.Build.0 = Debug|Win32
		{B1EC926D-A0C9-4B7F-89BC-C56A273A2B0F}.Release|Win32.ActiveCfg = Release|Win32
		{B1EC926D-A0C9-4B7F-89BC-C56A273A2B0F}.Release|Win32.Build.0 = Release|Win32
	EndGlobalSection
	GlobalSection(SolutionProperties) = preSolution
		HideSolutionNode = FALSE
	EndGlobalSection
EndGlobal
